
Microsoft Visual Studio Solution File, Format Version 12.00
# Visual Studio Version 17
VisualStudioVersion = 17.9.34902.65
MinimumVisualStudioVersion = 10.0.40219.1
Project("{FAE04EC0-301F-11D3-BF4B-00C04F79EFBC}") = "eCommerceApp_Product", "eCommerceApp_Product\eCommerceApp_Product.csproj", "{5B214FE8-4BA5-40B6-85EB-609233CFE272}"
EndProject
Project("{FAE04EC0-301F-11D3-BF4B-00C04F79EFBC}") = "eCommerceApp_ProductTest", "eCommerceApp_ProductTest\eCommerceApp_ProductTest.csproj", "{4ECCD2E7-7394-4A62-9593-85516195BEB5}"
EndProject
Global
	GlobalSection(SolutionConfigurationPlatforms) = preSolution
		Debug|Any CPU = Debug|Any CPU
		Release|Any CPU = Release|Any CPU
	EndGlobalSection
	GlobalSection(ProjectConfigurationPlatforms) = postSolution
		{5B214FE8-4BA5-40B6-85EB-609233CFE272}.Debug|Any CPU.ActiveCfg = Debug|Any CPU
		{5B214FE8-4BA5-40B6-85EB-609233CFE272}.Debug|Any CPU.Build.0 = Debug|Any CPU
		{5B214FE8-4BA5-40B6-85EB-609233CFE272}.Release|Any CPU.ActiveCfg = Release|Any CPU
		{5B214FE8-4BA5-40B6-85EB-609233CFE272}.Release|Any CPU.Build.0 = Release|Any CPU
		{4ECCD2E7-7394-4A62-9593-85516195BEB5}.Debug|Any CPU.ActiveCfg = Debug|Any CPU
		{4ECCD2E7-7394-4A62-9593-85516195BEB5}.Debug|Any CPU.Build.0 = Debug|Any CPU
		{4ECCD2E7-7394-4A62-9593-85516195BEB5}.Release|Any CPU.ActiveCfg = Release|Any CPU
		{4ECCD2E7-7394-4A62-9593-85516195BEB5}.Release|Any CPU.Build.0 = Release|Any CPU
	EndGlobalSection
	GlobalSection(SolutionProperties) = preSolution
		HideSolutionNode = FALSE
	EndGlobalSection
	GlobalSection(ExtensibilityGlobals) = postSolution
		SolutionGuid = {06BB3AB6-44E0-4D5F-917C-481A9412B043}
	EndGlobalSection
EndGlobal
